# This file was autogenerated by uv via the following command:
#    uv --cache-dir /tmp/sol-uv-cache pip compile sol-requirements.in --python-version 3.12 --python-platform x86_64-manylinux_2_28 --index-strategy unsafe-best-match --output-file sol-requirements.lock
accelerate==1.15.0
    # via -r sol-requirements.in
annotated-doc==0.0.5
    # via typer
anyio==4.15.1
    # via httpx
av==19.0.0
    # via -r sol-requirements.in
boto3==1.43.106
    # via -r sol-requirements.in
botocore==1.43.106
    # via
    #   boto3
    #   s3transfer
certifi==2026.7.22
    # via
    #   httpcore
    #   httpx
    #   requests
charset-normalizer==3.5.2
    # via requests
click==8.5.0
    # via huggingface-hub
diffusers @ git+https://github.com/huggingface/diffusers.git@e0abab83b5df05de9e7abd788643c1a7c1e42e28
    # via -r sol-requirements.in
filelock==4.0.8
    # via
    #   diffusers
    #   huggingface-hub
    #   torch
fsspec==2026.9.0
    # via
    #   huggingface-hub
    #   torch
h11==0.16.0
    # via httpcore
hf-xet==1.6.0
    # via huggingface-hub
httpcore==1.0.9
    # via httpx
httpx==0.28.1
    # via huggingface-hub
huggingface-hub==1.33.0
    # via
    #   -r sol-requirements.in
    #   accelerate
    #   diffusers
    #   tokenizers
    #   transformers
idna==3.20
    # via
    #   anyio
    #   httpx
    #   requests
imageio==2.38.0
    # via -r sol-requirements.in
imageio-ffmpeg==0.6.0
    # via -r sol-requirements.in
importlib-metadata==9.0.1
    # via diffusers
jinja2==3.1.6
    # via torch
jmespath==1.1.0
    # via
    #   boto3
    #   botocore
markdown-it-py==4.2.0
    # via rich
markupsafe==3.0.3
    # via jinja2
mdurl==0.1.2
    # via markdown-it-py
mpmath==1.3.0
    # via sympy
networkx==3.7
    # via torch
numpy==2.5.3
    # via
    #   accelerate
    #   diffusers
    #   imageio
    #   torchvision
    #   transformers
nvidia-cublas-cu12==12.6.4.1
    # via
    #   nvidia-cudnn-cu12
    #   nvidia-cusolver-cu12
    #   torch
nvidia-cuda-cupti-cu12==12.6.80
    # via torch
nvidia-cuda-nvrtc-cu12==12.6.77
    # via torch
nvidia-cuda-runtime-cu12==12.6.77
    # via torch
nvidia-cudnn-cu12==9.10.2.21
    # via torch
nvidia-cufft-cu12==11.3.0.4
    # via torch
nvidia-cufile-cu12==1.11.1.6
    # via torch
nvidia-curand-cu12==10.3.7.77
    # via torch
nvidia-cusolver-cu12==11.7.1.2
    # via torch
nvidia-cusparse-cu12==12.5.4.2
    # via
    #   nvidia-cusolver-cu12
    #   torch
nvidia-cusparselt-cu12==0.7.1
    # via torch
nvidia-nccl-cu12==2.27.5
    # via torch
nvidia-nvjitlink-cu12==12.6.85
    # via
    #   nvidia-cufft-cu12
    #   nvidia-cusolver-cu12
    #   nvidia-cusparse-cu12
    #   torch
nvidia-nvshmem-cu12==3.3.20
    # via torch
nvidia-nvtx-cu12==12.6.77
    # via torch
packaging==26.3
    # via
    #   accelerate
    #   huggingface-hub
    #   transformers
pillow==12.3.0
    # via
    #   diffusers
    #   imageio
    #   torchvision
psutil==7.2.2
    # via accelerate
pygments==2.21.0
    # via rich
python-dateutil==2.9.0.post0
    # via botocore
pyyaml==6.0.3
    # via
    #   accelerate
    #   huggingface-hub
    #   transformers
regex==2026.9.29
    # via
    #   diffusers
    #   transformers
requests==2.34.2
    # via diffusers
rich==15.0.0
    # via typer
s3transfer==0.19.2
    # via boto3
safetensors==0.8.0
    # via
    #   -r sol-requirements.in
    #   accelerate
    #   diffusers
    #   transformers
sentencepiece==0.2.2
    # via -r sol-requirements.in
setuptools==84.0.0
    # via torch
shellingham==1.5.4
    # via typer
six==1.17.0
    # via python-dateutil
sympy==1.14.0
    # via torch
tokenizers==0.23.2
    # via transformers
torch==2.9.1+cu126
    # via
    #   -r sol-requirements.in
    #   accelerate
    #   torchvision
torchvision==0.24.1+cu126
    # via -r sol-requirements.in
tqdm==4.70.1
    # via
    #   huggingface-hub
    #   transformers
transformers==5.18.0
    # via -r sol-requirements.in
triton==3.5.1
    # via torch
typer==0.27.2
    # via transformers
typing-extensions==4.16.0
    # via
    #   anyio
    #   huggingface-hub
    #   torch
urllib3==2.8.0
    # via
    #   botocore
    #   requests
zipp==4.1.0
    # via importlib-metadata
